
Microsoft Visual Studio Solution File, Format Version 12.00
# Visual Studio Version 17
VisualStudioVersion = 17.0.31912.275
MinimumVisualStudioVersion = 10.0.40219.1
Project("{FAE04EC0-301F-11D3-BF4B-00C04F79EFBC}") = "Captcha", "Captcha\Captcha.csproj", "{801D0636-863E-4839-A4B0-8D2CBBD158E0}"
EndProject
Project("{FAE04EC0-301F-11D3-BF4B-00C04F79EFBC}") = "Demo", "Demo\Demo.csproj", "{D77435F2-5BD0-499F-911C-758DB9472D31}"
EndProject
Project("{FAE04EC0-301F-11D3-BF4B-00C04F79EFBC}") = "MinimalApi", "MinimalApi\MinimalApi.csproj", "{815BE0C4-D25C-4719-A732-F80BB09B1C15}"
EndProject
Global
	GlobalSection(SolutionConfigurationPlatforms) = preSolution
		Debug|Any CPU = Debug|Any CPU
		Release|Any CPU = Release|Any CPU
	EndGlobalSection
	GlobalSection(ProjectConfigurationPlatforms) = postSolution
		{801D0636-863E-4839-A4B0-8D2CBBD158E0}.Debug|Any CPU.ActiveCfg = Debug|Any CPU
		{801D0636-863E-4839-A4B0-8D2CBBD158E0}.Debug|Any CPU.Build.0 = Debug|Any CPU
		{801D0636-863E-4839-A4B0-8D2CBBD158E0}.Release|Any CPU.ActiveCfg = Release|Any CPU
		{801D0636-863E-4839-A4B0-8D2CBBD158E0}.Release|Any CPU.Build.0 = Release|Any CPU
		{D77435F2-5BD0-499F-911C-758DB9472D31}.Debug|Any CPU.ActiveCfg = Debug|Any CPU
		{D77435F2-5BD0-499F-911C-758DB9472D31}.Debug|Any CPU.Build.0 = Debug|Any CPU
		{D77435F2-5BD0-499F-911C-758DB9472D31}.Release|Any CPU.ActiveCfg = Release|Any CPU
		{D77435F2-5BD0-499F-911C-758DB9472D31}.Release|Any CPU.Build.0 = Release|Any CPU
		{815BE0C4-D25C-4719-A732-F80BB09B1C15}.Debug|Any CPU.ActiveCfg = Debug|Any CPU
		{815BE0C4-D25C-4719-A732-F80BB09B1C15}.Debug|Any CPU.Build.0 = Debug|Any CPU
		{815BE0C4-D25C-4719-A732-F80BB09B1C15}.Release|Any CPU.ActiveCfg = Release|Any CPU
		{815BE0C4-D25C-4719-A732-F80BB09B1C15}.Release|Any CPU.Build.0 = Release|Any CPU
	EndGlobalSection
	GlobalSection(SolutionProperties) = preSolution
		HideSolutionNode = FALSE
	EndGlobalSection
	GlobalSection(ExtensibilityGlobals) = postSolution
		SolutionGuid = {3A8107FC-33D6-4D00-9F07-9D7AA2DD69FD}
	EndGlobalSection
EndGlobal
